
Microsoft Visual Studio Solution File, Format Version 12.00
# Visual Studio Version 17
VisualStudioVersion = 17.4.33122.133
MinimumVisualStudioVersion = 10.0.40219.1
Project("{8BC9CEB8-8B4A-11D0-8D11-00A0C91BC942}") = "DeepLearning", "DeepLearning\DeepLearning.vcxproj", "{50160B3B-7FF2-43C0-B650-54332EF4FA75}"
EndProject
Project("{8BC9CEB8-8B4A-11D0-8D11-00A0C91BC942}") = "DeepLearningTest", "DeepLearningTest\DeepLearningTest.vcxproj", "{E473C9D5-5FA9-48DC-B0D6-5FC6B75A8F96}"
EndProject
Project("{8BC9CEB8-8B4A-11D0-8D11-00A0C91BC942}") = "NetRunnerConsole", "NetRunnerConsole\NetRunnerConsole.vcxproj", "{34341A31-567A-4037-8346-B4F3E1808DB0}"
EndProject
Project("{9A19103F-16F7-4668-BE54-9A1E7A4F7556}") = "ScottPlotWrapper", "ScottPlotWrapper\ScottPlotWrapper.csproj", "{212109D5-D234-4923-B00A-18AA7C20D7BC}"
EndProject
Project("{8BC9CEB8-8B4A-11D0-8D11-00A0C91BC942}") = "ManagedToUnmanagedBridge", "ManagedToUnmanagedBridge\ManagedToUnmanagedBridge.vcxproj", "{445B1409-72A9-4EB0-B1E8-CBD0B94D2066}"
EndProject
Project("{8BC9CEB8-8B4A-11D0-8D11-00A0C91BC942}") = "DeepLearningCuda", "DeepLearningCuda\DeepLearningCuda.vcxproj", "{A216774E-2F53-4FE0-83AE-55D190135AF3}"
EndProject
Global
	GlobalSection(SolutionConfigurationPlatforms) = preSolution
		Debug|x64 = Debug|x64
		Debug|x86 = Debug|x86
		DebugSingle|x64 = DebugSingle|x64
		DebugSingle|x86 = DebugSingle|x86
		IntelCompiler2022|x64 = IntelCompiler2022|x64
		IntelCompiler2022|x86 = IntelCompiler2022|x86
		IntelCompiler2022Single|x64 = IntelCompiler2022Single|x64
		IntelCompiler2022Single|x86 = IntelCompiler2022Single|x86
		Release|x64 = Release|x64
		Release|x86 = Release|x86
		ReleaseSingle|x64 = ReleaseSingle|x64
		ReleaseSingle|x86 = ReleaseSingle|x86
	EndGlobalSection
	GlobalSection(ProjectConfigurationPlatforms) = postSolution
		{50160B3B-7FF2-43C0-B650-54332EF4FA75}.Debug|x64.ActiveCfg = Debug|x64
		{50160B3B-7FF2-43C0-B650-54332EF4FA75}.Debug|x64.Build.0 = Debug|x64
		{50160B3B-7FF2-43C0-B650-54332EF4FA75}.Debug|x86.ActiveCfg = Debug|x64
		{50160B3B-7FF2-43C0-B650-54332EF4FA75}.DebugSingle|x64.ActiveCfg = DebugSingle|x64
		{50160B3B-7FF2-43C0-B650-54332EF4FA75}.DebugSingle|x64.Build.0 = DebugSingle|x64
		{50160B3B-7FF2-43C0-B650-54332EF4FA75}.DebugSingle|x86.ActiveCfg = DebugSingle|x64
		{50160B3B-7FF2-43C0-B650-54332EF4FA75}.DebugSingle|x86.Build.0 = DebugSingle|x64
		{50160B3B-7FF2-43C0-B650-54332EF4FA75}.IntelCompiler2022|x64.ActiveCfg = IntelCompiler2022|x64
		{50160B3B-7FF2-43C0-B650-54332EF4FA75}.IntelCompiler2022|x64.Build.0 = IntelCompiler2022|x64
		{50160B3B-7FF2-43C0-B650-54332EF4FA75}.IntelCompiler2022|x86.ActiveCfg = IntelCompiler2022|x64
		{50160B3B-7FF2-43C0-B650-54332EF4FA75}.IntelCompiler2022Single|x64.ActiveCfg = IntelCompiler2022Single|x64
		{50160B3B-7FF2-43C0-B650-54332EF4FA75}.IntelCompiler2022Single|x64.Build.0 = IntelCompiler2022Single|x64
		{50160B3B-7FF2-43C0-B650-54332EF4FA75}.IntelCompiler2022Single|x86.ActiveCfg = IntelCompiler2022Single|x64
		{50160B3B-7FF2-43C0-B650-54332EF4FA75}.IntelCompiler2022Single|x86.Build.0 = IntelCompiler2022Single|x64
		{50160B3B-7FF2-43C0-B650-54332EF4FA75}.Release|x64.ActiveCfg = Release|x64
		{50160B3B-7FF2-43C0-B650-54332EF4FA75}.Release|x64.Build.0 = Release|x64
		{50160B3B-7FF2-43C0-B650-54332EF4FA75}.Release|x86.ActiveCfg = Release|x64
		{50160B3B-7FF2-43C0-B650-54332EF4FA75}.ReleaseSingle|x64.ActiveCfg = ReleaseSingle|x64
		{50160B3B-7FF2-43C0-B650-54332EF4FA75}.ReleaseSingle|x64.Build.0 = ReleaseSingle|x64
		{50160B3B-7FF2-43C0-B650-54332EF4FA75}.ReleaseSingle|x86.ActiveCfg = ReleaseSingle|x64
		{50160B3B-7FF2-43C0-B650-54332EF4FA75}.ReleaseSingle|x86.Build.0 = ReleaseSingle|x64
		{E473C9D5-5FA9-48DC-B0D6-5FC6B75A8F96}.Debug|x64.ActiveCfg = Debug|x64
		{E473C9D5-5FA9-48DC-B0D6-5FC6B75A8F96}.Debug|x64.Build.0 = Debug|x64
		{E473C9D5-5FA9-48DC-B0D6-5FC6B75A8F96}.Debug|x86.ActiveCfg = Debug|x64
		{E473C9D5-5FA9-48DC-B0D6-5FC6B75A8F96}.DebugSingle|x64.ActiveCfg = DebugSingle|x64
		{E473C9D5-5FA9-48DC-B0D6-5FC6B75A8F96}.DebugSingle|x64.Build.0 = DebugSingle|x64
		{E473C9D5-5FA9-48DC-B0D6-5FC6B75A8F96}.DebugSingle|x86.ActiveCfg = DebugSingle|x64
		{E473C9D5-5FA9-48DC-B0D6-5FC6B75A8F96}.DebugSingle|x86.Build.0 = DebugSingle|x64
		{E473C9D5-5FA9-48DC-B0D6-5FC6B75A8F96}.IntelCompiler2022|x64.ActiveCfg = IntelCompiler2022|x64
		{E473C9D5-5FA9-48DC-B0D6-5FC6B75A8F96}.IntelCompiler2022|x86.ActiveCfg = IntelCompiler2022|x64
		{E473C9D5-5FA9-48DC-B0D6-5FC6B75A8F96}.IntelCompiler2022Single|x64.ActiveCfg = IntelCompiler2022Single|x64
		{E473C9D5-5FA9-48DC-B0D6-5FC6B75A8F96}.IntelCompiler2022Single|x86.ActiveCfg = IntelCompiler2022Single|x64
		{E473C9D5-5FA9-48DC-B0D6-5FC6B75A8F96}.IntelCompiler2022Single|x86.Build.0 = IntelCompiler2022Single|x64
		{E473C9D5-5FA9-48DC-B0D6-5FC6B75A8F96}.Release|x64.ActiveCfg = Release|x64
		{E473C9D5-5FA9-48DC-B0D6-5FC6B75A8F96}.Release|x64.Build.0 = Release|x64
		{E473C9D5-5FA9-48DC-B0D6-5FC6B75A8F96}.Release|x86.ActiveCfg = Release|x64
		{E473C9D5-5FA9-48DC-B0D6-5FC6B75A8F96}.ReleaseSingle|x64.ActiveCfg = ReleaseSingle|x64
		{E473C9D5-5FA9-48DC-B0D6-5FC6B75A8F96}.ReleaseSingle|x64.Build.0 = ReleaseSingle|x64
		{E473C9D5-5FA9-48DC-B0D6-5FC6B75A8F96}.ReleaseSingle|x86.ActiveCfg = ReleaseSingle|x64
		{E473C9D5-5FA9-48DC-B0D6-5FC6B75A8F96}.ReleaseSingle|x86.Build.0 = ReleaseSingle|x64
		{34341A31-567A-4037-8346-B4F3E1808DB0}.Debug|x64.ActiveCfg = Debug|x64
		{34341A31-567A-4037-8346-B4F3E1808DB0}.Debug|x64.Build.0 = Debug|x64
		{34341A31-567A-4037-8346-B4F3E1808DB0}.Debug|x86.ActiveCfg = Debug|x64
		{34341A31-567A-4037-8346-B4F3E1808DB0}.DebugSingle|x64.ActiveCfg = DebugSingle|x64
		{34341A31-567A-4037-8346-B4F3E1808DB0}.DebugSingle|x64.Build.0 = DebugSingle|x64
		{34341A31-567A-4037-8346-B4F3E1808DB0}.DebugSingle|x86.ActiveCfg = DebugSingle|x64
		{34341A31-567A-4037-8346-B4F3E1808DB0}.DebugSingle|x86.Build.0 = DebugSingle|x64
		{34341A31-567A-4037-8346-B4F3E1808DB0}.IntelCompiler2022|x64.ActiveCfg = IntelCompiler2022|x64
		{34341A31-567A-4037-8346-B4F3E1808DB0}.IntelCompiler2022|x64.Build.0 = IntelCompiler2022|x64
		{34341A31-567A-4037-8346-B4F3E1808DB0}.IntelCompiler2022|x86.ActiveCfg = IntelCompiler2022|x64
		{34341A31-567A-4037-8346-B4F3E1808DB0}.IntelCompiler2022Single|x64.ActiveCfg = IntelCompiler2022Single|x64
		{34341A31-567A-4037-8346-B4F3E1808DB0}.IntelCompiler2022Single|x64.Build.0 = IntelCompiler2022Single|x64
		{34341A31-567A-4037-8346-B4F3E1808DB0}.IntelCompiler2022Single|x86.ActiveCfg = IntelCompiler2022Single|x64
		{34341A31-567A-4037-8346-B4F3E1808DB0}.IntelCompiler2022Single|x86.Build.0 = IntelCompiler2022Single|x64
		{34341A31-567A-4037-8346-B4F3E1808DB0}.Release|x64.ActiveCfg = Release|x64
		{34341A31-567A-4037-8346-B4F3E1808DB0}.Release|x64.Build.0 = Release|x64
		{34341A31-567A-4037-8346-B4F3E1808DB0}.Release|x86.ActiveCfg = Release|x64
		{34341A31-567A-4037-8346-B4F3E1808DB0}.ReleaseSingle|x64.ActiveCfg = ReleaseSingle|x64
		{34341A31-567A-4037-8346-B4F3E1808DB0}.ReleaseSingle|x64.Build.0 = ReleaseSingle|x64
		{34341A31-567A-4037-8346-B4F3E1808DB0}.ReleaseSingle|x86.ActiveCfg = ReleaseSingle|x64
		{34341A31-567A-4037-8346-B4F3E1808DB0}.ReleaseSingle|x86.Build.0 = ReleaseSingle|x64
		{212109D5-D234-4923-B00A-18AA7C20D7BC}.Debug|x64.ActiveCfg = Debug|Any CPU
		{212109D5-D234-4923-B00A-18AA7C20D7BC}.Debug|x64.Build.0 = Debug|Any CPU
		{212109D5-D234-4923-B00A-18AA7C20D7BC}.Debug|x86.ActiveCfg = Debug|Any CPU
		{212109D5-D234-4923-B00A-18AA7C20D7BC}.Debug|x86.Build.0 = Debug|Any CPU
		{212109D5-D234-4923-B00A-18AA7C20D7BC}.DebugSingle|x64.ActiveCfg = DebugSingle|Any CPU
		{212109D5-D234-4923-B00A-18AA7C20D7BC}.DebugSingle|x64.Build.0 = DebugSingle|Any CPU
		{212109D5-D234-4923-B00A-18AA7C20D7BC}.DebugSingle|x86.ActiveCfg = DebugSingle|Any CPU
		{212109D5-D234-4923-B00A-18AA7C20D7BC}.DebugSingle|x86.Build.0 = DebugSingle|Any CPU
		{212109D5-D234-4923-B00A-18AA7C20D7BC}.IntelCompiler2022|x64.ActiveCfg = Release|Any CPU
		{212109D5-D234-4923-B00A-18AA7C20D7BC}.IntelCompiler2022|x64.Build.0 = Release|Any CPU
		{212109D5-D234-4923-B00A-18AA7C20D7BC}.IntelCompiler2022|x86.ActiveCfg = Debug|Any CPU
		{212109D5-D234-4923-B00A-18AA7C20D7BC}.IntelCompiler2022|x86.Build.0 = Debug|Any CPU
		{212109D5-D234-4923-B00A-18AA7C20D7BC}.IntelCompiler2022Single|x64.ActiveCfg = IntelCompiler2022Single|Any CPU
		{212109D5-D234-4923-B00A-18AA7C20D7BC}.IntelCompiler2022Single|x64.Build.0 = IntelCompiler2022Single|Any CPU
		{212109D5-D234-4923-B00A-18AA7C20D7BC}.IntelCompiler2022Single|x86.ActiveCfg = IntelCompiler2022Single|Any CPU
		{212109D5-D234-4923-B00A-18AA7C20D7BC}.IntelCompiler2022Single|x86.Build.0 = IntelCompiler2022Single|Any CPU
		{212109D5-D234-4923-B00A-18AA7C20D7BC}.Release|x64.ActiveCfg = Release|Any CPU
		{212109D5-D234-4923-B00A-18AA7C20D7BC}.Release|x64.Build.0 = Release|Any CPU
		{212109D5-D234-4923-B00A-18AA7C20D7BC}.Release|x86.ActiveCfg = Release|Any CPU
		{212109D5-D234-4923-B00A-18AA7C20D7BC}.Release|x86.Build.0 = Release|Any CPU
		{212109D5-D234-4923-B00A-18AA7C20D7BC}.ReleaseSingle|x64.ActiveCfg = ReleaseSingle|Any CPU
		{212109D5-D234-4923-B00A-18AA7C20D7BC}.ReleaseSingle|x64.Build.0 = ReleaseSingle|Any CPU
		{212109D5-D234-4923-B00A-18AA7C20D7BC}.ReleaseSingle|x86.ActiveCfg = ReleaseSingle|Any CPU
		{212109D5-D234-4923-B00A-18AA7C20D7BC}.ReleaseSingle|x86.Build.0 = ReleaseSingle|Any CPU
		{445B1409-72A9-4EB0-B1E8-CBD0B94D2066}.Debug|x64.ActiveCfg = Debug|x64
		{445B1409-72A9-4EB0-B1E8-CBD0B94D2066}.Debug|x64.Build.0 = Debug|x64
		{445B1409-72A9-4EB0-B1E8-CBD0B94D2066}.Debug|x86.ActiveCfg = Debug|x64
		{445B1409-72A9-4EB0-B1E8-CBD0B94D2066}.DebugSingle|x64.ActiveCfg = DebugSingle|x64
		{445B1409-72A9-4EB0-B1E8-CBD0B94D2066}.DebugSingle|x64.Build.0 = DebugSingle|x64
		{445B1409-72A9-4EB0-B1E8-CBD0B94D2066}.DebugSingle|x86.ActiveCfg = DebugSingle|x64
		{445B1409-72A9-4EB0-B1E8-CBD0B94D2066}.DebugSingle|x86.Build.0 = DebugSingle|x64
		{445B1409-72A9-4EB0-B1E8-CBD0B94D2066}.IntelCompiler2022|x64.ActiveCfg = IntelCompiler2022|x64
		{445B1409-72A9-4EB0-B1E8-CBD0B94D2066}.IntelCompiler2022|x64.Build.0 = IntelCompiler2022|x64
		{445B1409-72A9-4EB0-B1E8-CBD0B94D2066}.IntelCompiler2022|x86.ActiveCfg = IntelCompiler2022|x64
		{445B1409-72A9-4EB0-B1E8-CBD0B94D2066}.IntelCompiler2022Single|x64.ActiveCfg = IntelCompiler2022Single|x64
		{445B1409-72A9-4EB0-B1E8-CBD0B94D2066}.IntelCompiler2022Single|x64.Build.0 = IntelCompiler2022Single|x64
		{445B1409-72A9-4EB0-B1E8-CBD0B94D2066}.IntelCompiler2022Single|x86.ActiveCfg = IntelCompiler2022Single|x64
		{445B1409-72A9-4EB0-B1E8-CBD0B94D2066}.IntelCompiler2022Single|x86.Build.0 = IntelCompiler2022Single|x64
		{445B1409-72A9-4EB0-B1E8-CBD0B94D2066}.Release|x64.ActiveCfg = Release|x64
		{445B1409-72A9-4EB0-B1E8-CBD0B94D2066}.Release|x64.Build.0 = Release|x64
		{445B1409-72A9-4EB0-B1E8-CBD0B94D2066}.Release|x86.ActiveCfg = Release|x64
		{445B1409-72A9-4EB0-B1E8-CBD0B94D2066}.ReleaseSingle|x64.ActiveCfg = ReleaseSingle|x64
		{445B1409-72A9-4EB0-B1E8-CBD0B94D2066}.ReleaseSingle|x64.Build.0 = ReleaseSingle|x64
		{445B1409-72A9-4EB0-B1E8-CBD0B94D2066}.ReleaseSingle|x86.ActiveCfg = ReleaseSingle|x64
		{445B1409-72A9-4EB0-B1E8-CBD0B94D2066}.ReleaseSingle|x86.Build.0 = ReleaseSingle|x64
		{A216774E-2F53-4FE0-83AE-55D190135AF3}.Debug|x64.ActiveCfg = Debug|x64
		{A216774E-2F53-4FE0-83AE-55D190135AF3}.Debug|x64.Build.0 = Debug|x64
		{A216774E-2F53-4FE0-83AE-55D190135AF3}.Debug|x86.ActiveCfg = Debug|x64
		{A216774E-2F53-4FE0-83AE-55D190135AF3}.Debug|x86.Build.0 = Debug|x64
		{A216774E-2F53-4FE0-83AE-55D190135AF3}.DebugSingle|x64.ActiveCfg = DebugSingle|x64
		{A216774E-2F53-4FE0-83AE-55D190135AF3}.DebugSingle|x64.Build.0 = DebugSingle|x64
		{A216774E-2F53-4FE0-83AE-55D190135AF3}.DebugSingle|x86.ActiveCfg = Debug|x64
		{A216774E-2F53-4FE0-83AE-55D190135AF3}.DebugSingle|x86.Build.0 = Debug|x64
		{A216774E-2F53-4FE0-83AE-55D190135AF3}.IntelCompiler2022|x64.ActiveCfg = IntelCompiler2022|x64
		{A216774E-2F53-4FE0-83AE-55D190135AF3}.IntelCompiler2022|x86.ActiveCfg = Debug|x64
		{A216774E-2F53-4FE0-83AE-55D190135AF3}.IntelCompiler2022|x86.Build.0 = Debug|x64
		{A216774E-2F53-4FE0-83AE-55D190135AF3}.IntelCompiler2022Single|x64.ActiveCfg = IntelCompiler2022Single|x64
		{A216774E-2F53-4FE0-83AE-55D190135AF3}.IntelCompiler2022Single|x86.ActiveCfg = Debug|x64
		{A216774E-2F53-4FE0-83AE-55D190135AF3}.IntelCompiler2022Single|x86.Build.0 = Debug|x64
		{A216774E-2F53-4FE0-83AE-55D190135AF3}.Release|x64.ActiveCfg = Release|x64
		{A216774E-2F53-4FE0-83AE-55D190135AF3}.Release|x64.Build.0 = Release|x64
		{A216774E-2F53-4FE0-83AE-55D190135AF3}.Release|x86.ActiveCfg = Release|x64
		{A216774E-2F53-4FE0-83AE-55D190135AF3}.Release|x86.Build.0 = Release|x64
		{A216774E-2F53-4FE0-83AE-55D190135AF3}.ReleaseSingle|x64.ActiveCfg = ReleaseSingle|x64
		{A216774E-2F53-4FE0-83AE-55D190135AF3}.ReleaseSingle|x64.Build.0 = ReleaseSingle|x64
		{A216774E-2F53-4FE0-83AE-55D190135AF3}.ReleaseSingle|x86.ActiveCfg = Release|x64
		{A216774E-2F53-4FE0-83AE-55D190135AF3}.ReleaseSingle|x86.Build.0 = Release|x64
	EndGlobalSection
	GlobalSection(SolutionProperties) = preSolution
		HideSolutionNode = FALSE
	EndGlobalSection
	GlobalSection(ExtensibilityGlobals) = postSolution
		SolutionGuid = {90EBEE84-B0B5-41CA-ADBC-EBCD14195DA6}
	EndGlobalSection
EndGlobal
