
Microsoft Visual Studio Solution File, Format Version 12.00
# Visual Studio Version 16
VisualStudioVersion = 16.0.31829.152
MinimumVisualStudioVersion = 10.0.40219.1
Project("{8BC9CEB8-8B4A-11D0-8D11-00A0C91BC942}") = "DeepLearning", "DeepLearning\DeepLearning.vcxproj", "{50160B3B-7FF2-43C0-B650-54332EF4FA75}"
EndProject
Project("{8BC9CEB8-8B4A-11D0-8D11-00A0C91BC942}") = "DeepLearningTest", "DeepLearningTest\DeepLearningTest.vcxproj", "{E473C9D5-5FA9-48DC-B0D6-5FC6B75A8F96}"
EndProject
Project("{8BC9CEB8-8B4A-11D0-8D11-00A0C91BC942}") = "NetRunnerConsole", "NetRunnerConsole\NetRunnerConsole.vcxproj", "{34341A31-567A-4037-8346-B4F3E1808DB0}"
EndProject
Project("{FAE04EC0-301F-11D3-BF4B-00C04F79EFBC}") = "ScottPlotWrapper", "ScottPlotWrapper\ScottPlotWrapper.csproj", "{212109D5-D234-4923-B00A-18AA7C20D7BC}"
EndProject
Project("{8BC9CEB8-8B4A-11D0-8D11-00A0C91BC942}") = "ManagedToUnmanagedBridge", "ManagedToUnmanagedBridge\ManagedToUnmanagedBridge.vcxproj", "{445B1409-72A9-4EB0-B1E8-CBD0B94D2066}"
EndProject
Global
	GlobalSection(SolutionConfigurationPlatforms) = preSolution
		Debug|Any CPU = Debug|Any CPU
		Debug|x64 = Debug|x64
		Debug|x86 = Debug|x86
		IntelCompiler2022|Any CPU = IntelCompiler2022|Any CPU
		IntelCompiler2022|x64 = IntelCompiler2022|x64
		IntelCompiler2022|x86 = IntelCompiler2022|x86
		Release|Any CPU = Release|Any CPU
		Release|x64 = Release|x64
		Release|x86 = Release|x86
	EndGlobalSection
	GlobalSection(ProjectConfigurationPlatforms) = postSolution
		{50160B3B-7FF2-43C0-B650-54332EF4FA75}.Debug|Any CPU.ActiveCfg = Debug|x64
		{50160B3B-7FF2-43C0-B650-54332EF4FA75}.Debug|x64.ActiveCfg = Debug|x64
		{50160B3B-7FF2-43C0-B650-54332EF4FA75}.Debug|x64.Build.0 = Debug|x64
		{50160B3B-7FF2-43C0-B650-54332EF4FA75}.Debug|x86.ActiveCfg = Debug|x64
		{50160B3B-7FF2-43C0-B650-54332EF4FA75}.IntelCompiler2022|Any CPU.ActiveCfg = IntelCompiler2022|x64
		{50160B3B-7FF2-43C0-B650-54332EF4FA75}.IntelCompiler2022|x64.ActiveCfg = IntelCompiler2022|x64
		{50160B3B-7FF2-43C0-B650-54332EF4FA75}.IntelCompiler2022|x64.Build.0 = IntelCompiler2022|x64
		{50160B3B-7FF2-43C0-B650-54332EF4FA75}.IntelCompiler2022|x86.ActiveCfg = IntelCompiler2022|x64
		{50160B3B-7FF2-43C0-B650-54332EF4FA75}.Release|Any CPU.ActiveCfg = Release|x64
		{50160B3B-7FF2-43C0-B650-54332EF4FA75}.Release|x64.ActiveCfg = Release|x64
		{50160B3B-7FF2-43C0-B650-54332EF4FA75}.Release|x64.Build.0 = Release|x64
		{50160B3B-7FF2-43C0-B650-54332EF4FA75}.Release|x86.ActiveCfg = Release|x64
		{E473C9D5-5FA9-48DC-B0D6-5FC6B75A8F96}.Debug|Any CPU.ActiveCfg = Debug|x64
		{E473C9D5-5FA9-48DC-B0D6-5FC6B75A8F96}.Debug|x64.ActiveCfg = Debug|x64
		{E473C9D5-5FA9-48DC-B0D6-5FC6B75A8F96}.Debug|x64.Build.0 = Debug|x64
		{E473C9D5-5FA9-48DC-B0D6-5FC6B75A8F96}.Debug|x86.ActiveCfg = Debug|x64
		{E473C9D5-5FA9-48DC-B0D6-5FC6B75A8F96}.IntelCompiler2022|Any CPU.ActiveCfg = IntelCompiler2022|x64
		{E473C9D5-5FA9-48DC-B0D6-5FC6B75A8F96}.IntelCompiler2022|x64.ActiveCfg = IntelCompiler2022|x64
		{E473C9D5-5FA9-48DC-B0D6-5FC6B75A8F96}.IntelCompiler2022|x86.ActiveCfg = IntelCompiler2022|x64
		{E473C9D5-5FA9-48DC-B0D6-5FC6B75A8F96}.Release|Any CPU.ActiveCfg = Release|x64
		{E473C9D5-5FA9-48DC-B0D6-5FC6B75A8F96}.Release|x64.ActiveCfg = Release|x64
		{E473C9D5-5FA9-48DC-B0D6-5FC6B75A8F96}.Release|x64.Build.0 = Release|x64
		{E473C9D5-5FA9-48DC-B0D6-5FC6B75A8F96}.Release|x86.ActiveCfg = Release|x64
		{34341A31-567A-4037-8346-B4F3E1808DB0}.Debug|Any CPU.ActiveCfg = Debug|x64
		{34341A31-567A-4037-8346-B4F3E1808DB0}.Debug|x64.ActiveCfg = Debug|x64
		{34341A31-567A-4037-8346-B4F3E1808DB0}.Debug|x64.Build.0 = Debug|x64
		{34341A31-567A-4037-8346-B4F3E1808DB0}.Debug|x86.ActiveCfg = Debug|x64
		{34341A31-567A-4037-8346-B4F3E1808DB0}.IntelCompiler2022|Any CPU.ActiveCfg = IntelCompiler2022|x64
		{34341A31-567A-4037-8346-B4F3E1808DB0}.IntelCompiler2022|x64.ActiveCfg = IntelCompiler2022|x64
		{34341A31-567A-4037-8346-B4F3E1808DB0}.IntelCompiler2022|x64.Build.0 = IntelCompiler2022|x64
		{34341A31-567A-4037-8346-B4F3E1808DB0}.IntelCompiler2022|x86.ActiveCfg = IntelCompiler2022|x64
		{34341A31-567A-4037-8346-B4F3E1808DB0}.Release|Any CPU.ActiveCfg = Release|x64
		{34341A31-567A-4037-8346-B4F3E1808DB0}.Release|x64.ActiveCfg = Release|x64
		{34341A31-567A-4037-8346-B4F3E1808DB0}.Release|x64.Build.0 = Release|x64
		{34341A31-567A-4037-8346-B4F3E1808DB0}.Release|x86.ActiveCfg = Release|x64
		{212109D5-D234-4923-B00A-18AA7C20D7BC}.Debug|Any CPU.ActiveCfg = Debug|Any CPU
		{212109D5-D234-4923-B00A-18AA7C20D7BC}.Debug|Any CPU.Build.0 = Debug|Any CPU
		{212109D5-D234-4923-B00A-18AA7C20D7BC}.Debug|x64.ActiveCfg = Debug|Any CPU
		{212109D5-D234-4923-B00A-18AA7C20D7BC}.Debug|x64.Build.0 = Debug|Any CPU
		{212109D5-D234-4923-B00A-18AA7C20D7BC}.Debug|x86.ActiveCfg = Debug|Any CPU
		{212109D5-D234-4923-B00A-18AA7C20D7BC}.Debug|x86.Build.0 = Debug|Any CPU
		{212109D5-D234-4923-B00A-18AA7C20D7BC}.IntelCompiler2022|Any CPU.ActiveCfg = Debug|Any CPU
		{212109D5-D234-4923-B00A-18AA7C20D7BC}.IntelCompiler2022|Any CPU.Build.0 = Debug|Any CPU
		{212109D5-D234-4923-B00A-18AA7C20D7BC}.IntelCompiler2022|x64.ActiveCfg = IntelCompiler2022|Any CPU
		{212109D5-D234-4923-B00A-18AA7C20D7BC}.IntelCompiler2022|x64.Build.0 = IntelCompiler2022|Any CPU
		{212109D5-D234-4923-B00A-18AA7C20D7BC}.IntelCompiler2022|x86.ActiveCfg = Debug|Any CPU
		{212109D5-D234-4923-B00A-18AA7C20D7BC}.IntelCompiler2022|x86.Build.0 = Debug|Any CPU
		{212109D5-D234-4923-B00A-18AA7C20D7BC}.Release|Any CPU.ActiveCfg = Release|Any CPU
		{212109D5-D234-4923-B00A-18AA7C20D7BC}.Release|Any CPU.Build.0 = Release|Any CPU
		{212109D5-D234-4923-B00A-18AA7C20D7BC}.Release|x64.ActiveCfg = Release|Any CPU
		{212109D5-D234-4923-B00A-18AA7C20D7BC}.Release|x64.Build.0 = Release|Any CPU
		{212109D5-D234-4923-B00A-18AA7C20D7BC}.Release|x86.ActiveCfg = Release|Any CPU
		{212109D5-D234-4923-B00A-18AA7C20D7BC}.Release|x86.Build.0 = Release|Any CPU
		{445B1409-72A9-4EB0-B1E8-CBD0B94D2066}.Debug|Any CPU.ActiveCfg = Debug|Win32
		{445B1409-72A9-4EB0-B1E8-CBD0B94D2066}.Debug|x64.ActiveCfg = Debug|x64
		{445B1409-72A9-4EB0-B1E8-CBD0B94D2066}.Debug|x64.Build.0 = Debug|x64
		{445B1409-72A9-4EB0-B1E8-CBD0B94D2066}.Debug|x86.ActiveCfg = Debug|Win32
		{445B1409-72A9-4EB0-B1E8-CBD0B94D2066}.Debug|x86.Build.0 = Debug|Win32
		{445B1409-72A9-4EB0-B1E8-CBD0B94D2066}.IntelCompiler2022|Any CPU.ActiveCfg = Debug|Win32
		{445B1409-72A9-4EB0-B1E8-CBD0B94D2066}.IntelCompiler2022|Any CPU.Build.0 = Debug|Win32
		{445B1409-72A9-4EB0-B1E8-CBD0B94D2066}.IntelCompiler2022|x64.ActiveCfg = IntelCompiler2022|x64
		{445B1409-72A9-4EB0-B1E8-CBD0B94D2066}.IntelCompiler2022|x64.Build.0 = IntelCompiler2022|x64
		{445B1409-72A9-4EB0-B1E8-CBD0B94D2066}.IntelCompiler2022|x86.ActiveCfg = Debug|Win32
		{445B1409-72A9-4EB0-B1E8-CBD0B94D2066}.IntelCompiler2022|x86.Build.0 = Debug|Win32
		{445B1409-72A9-4EB0-B1E8-CBD0B94D2066}.Release|Any CPU.ActiveCfg = Release|Win32
		{445B1409-72A9-4EB0-B1E8-CBD0B94D2066}.Release|x64.ActiveCfg = Release|x64
		{445B1409-72A9-4EB0-B1E8-CBD0B94D2066}.Release|x64.Build.0 = Release|x64
		{445B1409-72A9-4EB0-B1E8-CBD0B94D2066}.Release|x86.ActiveCfg = Release|Win32
		{445B1409-72A9-4EB0-B1E8-CBD0B94D2066}.Release|x86.Build.0 = Release|Win32
	EndGlobalSection
	GlobalSection(SolutionProperties) = preSolution
		HideSolutionNode = FALSE
	EndGlobalSection
	GlobalSection(ExtensibilityGlobals) = postSolution
		SolutionGuid = {90EBEE84-B0B5-41CA-ADBC-EBCD14195DA6}
	EndGlobalSection
EndGlobal
