<?xml version="1.0" encoding="utf-8"?>
<Project ToolsVersion="4.0" xmlns="http://schemas.microsoft.com/developer/msbuild/2003">
  <ItemGroup>
    <Filter Include="Source Files">
      <UniqueIdentifier>{4FC737F1-C7A5-4376-A066-2A32D752A2FF}</UniqueIdentifier>
      <Extensions>cpp;c;cc;cxx;c++;cppm;ixx;def;odl;idl;hpj;bat;asm;asmx</Extensions>
    </Filter>
    <Filter Include="Header Files">
      <UniqueIdentifier>{93995380-89BD-4b04-88EB-625FBE52EBFB}</UniqueIdentifier>
      <Extensions>h;hh;hpp;hxx;h++;hm;inl;inc;ipp;xsd</Extensions>
    </Filter>
    <Filter Include="Resource Files">
      <UniqueIdentifier>{67DA6AB6-F800-4c08-8B7A-83BB121AAD01}</UniqueIdentifier>
      <Extensions>rc;ico;cur;bmp;dlg;rc2;rct;bin;rgs;gif;jpg;jpeg;jpe;resx;tiff;tif;png;wav;mfcribbon-ms</Extensions>
    </Filter>
    <Filter Include="Header Files\Math">
      <UniqueIdentifier>{f2766782-a2b2-497c-a6e8-bf19a3ebadb7}</UniqueIdentifier>
    </Filter>
    <Filter Include="Source Files\Math">
      <UniqueIdentifier>{edb7ef2c-b7e5-435a-9b8c-f828b7e74159}</UniqueIdentifier>
    </Filter>
    <Filter Include="Header Files\NeuralNet">
      <UniqueIdentifier>{39d512d7-fe0c-47b3-8d50-fe176fad9ac7}</UniqueIdentifier>
    </Filter>
    <Filter Include="Source Files\NeuralNet">
      <UniqueIdentifier>{455ac75e-b2f8-4ac3-a527-4038251b2ea7}</UniqueIdentifier>
    </Filter>
    <Filter Include="Header Files\ThirdParty">
      <UniqueIdentifier>{fc7ef70a-727f-442c-9d42-eb237b8ab668}</UniqueIdentifier>
    </Filter>
    <Filter Include="Source Files\ThirdParty">
      <UniqueIdentifier>{66d3026a-ead0-4b90-ad27-cb34fd978959}</UniqueIdentifier>
    </Filter>
    <Filter Include="Header Files\ImageProcessing">
      <UniqueIdentifier>{d6b0acf0-316e-45c3-a636-ea08993fcc81}</UniqueIdentifier>
    </Filter>
    <Filter Include="Source Files\ImageProcessing">
      <UniqueIdentifier>{833359fd-5396-48ee-b232-036b889f80c8}</UniqueIdentifier>
    </Filter>
    <Filter Include="Header Files\Memory">
      <UniqueIdentifier>{438c62a4-247d-4a78-8f71-f994c6ab9c64}</UniqueIdentifier>
    </Filter>
    <Filter Include="Source Files\Memory">
      <UniqueIdentifier>{03a08d14-5ada-4c4d-b1d4-2551930563f3}</UniqueIdentifier>
    </Filter>
    <Filter Include="Header Files\Diagnostics">
      <UniqueIdentifier>{b4bd6bf2-96be-4923-98e9-4efaf0260def}</UniqueIdentifier>
    </Filter>
    <Filter Include="Source Files\Diagnostics">
      <UniqueIdentifier>{a62ec974-f938-40ca-ae9f-c6debe1cb211}</UniqueIdentifier>
    </Filter>
    <Filter Include="Header Files\Math\CUDA">
      <UniqueIdentifier>{4421ce5d-6827-4b30-b785-e3b472d3c8a5}</UniqueIdentifier>
    </Filter>
    <Filter Include="Source Files\Math\CUDA">
      <UniqueIdentifier>{e577e042-1adc-4f4f-9d18-bc8df40aef25}</UniqueIdentifier>
    </Filter>
    <Filter Include="Header Files\Math\Optimization">
      <UniqueIdentifier>{5d66a378-2377-41fd-abe1-0faab0dac4a8}</UniqueIdentifier>
    </Filter>
  </ItemGroup>
  <ItemGroup>
    <ClInclude Include="defs.h">
      <Filter>Header Files</Filter>
    </ClInclude>
    <ClInclude Include="Math\Matrix.h">
      <Filter>Header Files\Math</Filter>
    </ClInclude>
    <ClInclude Include="Math\Vector.h">
      <Filter>Header Files\Math</Filter>
    </ClInclude>
    <ClInclude Include="Utilities.h">
      <Filter>Header Files</Filter>
    </ClInclude>
    <ClInclude Include="MsgPackUtils.h">
      <Filter>Header Files</Filter>
    </ClInclude>
    <ClInclude Include="Math\Dual.h">
      <Filter>Header Files\Math</Filter>
    </ClInclude>
    <ClInclude Include="Math\ActivationFunction.h">
      <Filter>Header Files\Math</Filter>
    </ClInclude>
    <ClInclude Include="NeuralNet\NLayer.h">
      <Filter>Header Files\NeuralNet</Filter>
    </ClInclude>
    <ClInclude Include="MnistDataUtils.h">
      <Filter>Header Files</Filter>
    </ClInclude>
    <ClInclude Include="Image8Bit.h">
      <Filter>Header Files</Filter>
    </ClInclude>
    <ClInclude Include="ThirdParty\BitmapUtils.h">
      <Filter>Header Files\ThirdParty</Filter>
    </ClInclude>
    <ClInclude Include="NeuralNet\CummulativeGradient.h">
      <Filter>Header Files\NeuralNet</Filter>
    </ClInclude>
    <ClInclude Include="Math\DiffFunc.h">
      <Filter>Header Files\Math</Filter>
    </ClInclude>
    <ClInclude Include="Math\CostFunction.h">
      <Filter>Header Files\Math</Filter>
    </ClInclude>
    <ClInclude Include="NeuralNet\Net.h">
      <Filter>Header Files\NeuralNet</Filter>
    </ClInclude>
    <ClInclude Include="IndexIterator.h">
      <Filter>Header Files</Filter>
    </ClInclude>
    <ClInclude Include="Math\AvxAcceleration.h">
      <Filter>Header Files\Math</Filter>
    </ClInclude>
    <ClInclude Include="Math\LinAlg2d.h">
      <Filter>Header Files\Math</Filter>
    </ClInclude>
    <ClInclude Include="ImageProcessing\ImageUtils.h">
      <Filter>Header Files\ImageProcessing</Filter>
    </ClInclude>
    <ClInclude Include="Math\Tensor.h">
      <Filter>Header Files\Math</Filter>
    </ClInclude>
    <ClInclude Include="Math\BasicCollection.h">
      <Filter>Header Files\Math</Filter>
    </ClInclude>
    <ClInclude Include="Math\LinAlg3d.h">
      <Filter>Header Files\Math</Filter>
    </ClInclude>
    <ClInclude Include="Math\PoolOperator.h">
      <Filter>Header Files\Math</Filter>
    </ClInclude>
    <ClInclude Include="NeuralNet\LayerHandle.h">
      <Filter>Header Files\NeuralNet</Filter>
    </ClInclude>
    <ClInclude Include="NeuralNet\CLayer.h">
      <Filter>Header Files\NeuralNet</Filter>
    </ClInclude>
    <ClInclude Include="Memory\MemHandle.h">
      <Filter>Header Files\Memory</Filter>
    </ClInclude>
    <ClInclude Include="NeuralNet\PLayer.h">
      <Filter>Header Files\NeuralNet</Filter>
    </ClInclude>
    <ClInclude Include="Diagnostics\Logging.h">
      <Filter>Header Files\Diagnostics</Filter>
    </ClInclude>
    <ClInclude Include="NeuralNet\ALayer.h">
      <Filter>Header Files\NeuralNet</Filter>
    </ClInclude>
    <ClInclude Include="NeuralNet\LayerTypeId.h">
      <Filter>Header Files\NeuralNet</Filter>
    </ClInclude>
    <ClInclude Include="Math\BasicCudaCollection.cuh">
      <Filter>Header Files\Math\CUDA</Filter>
    </ClInclude>
    <ClInclude Include="Math\CudaSetup.h">
      <Filter>Header Files\Math\CUDA</Filter>
    </ClInclude>
    <ClInclude Include="Math\CudaVector.cuh">
      <Filter>Header Files\Math\CUDA</Filter>
    </ClInclude>
    <ClInclude Include="Math\CudaUtils.cuh">
      <Filter>Header Files\Math\CUDA</Filter>
    </ClInclude>
    <ClInclude Include="Math\CudaMatrix.cuh">
      <Filter>Header Files\Math\CUDA</Filter>
    </ClInclude>
    <ClInclude Include="Math\CudaTensor.cuh">
      <Filter>Header Files\Math\CUDA</Filter>
    </ClInclude>
    <ClInclude Include="Math\ConvolutionUtils.h">
      <Filter>Header Files\Math</Filter>
    </ClInclude>
    <ClInclude Include="Math\CudaArray.cuh">
      <Filter>Header Files\Math\CUDA</Filter>
    </ClInclude>
    <ClInclude Include="NeuralNet\DataContext.h">
      <Filter>Header Files\NeuralNet</Filter>
    </ClInclude>
    <ClInclude Include="CudaBridge.h">
      <Filter>Header Files</Filter>
    </ClInclude>
    <ClInclude Include="Math\Functions.h">
      <Filter>Header Files\Math</Filter>
    </ClInclude>
    <ClInclude Include="ThreadPool.h">
      <Filter>Header Files</Filter>
    </ClInclude>
    <ClInclude Include="NeuralNet\LayerGradient.h">
      <Filter>Header Files\NeuralNet</Filter>
    </ClInclude>
    <ClInclude Include="Math\CollectionArithmetics.h">
      <Filter>Source Files\Math</Filter>
    </ClInclude>
    <ClInclude Include="StopWatch.h">
      <Filter>Header Files</Filter>
    </ClInclude>
    <ClInclude Include="Math\VectorNd.h">
      <Filter>Header Files\Math</Filter>
    </ClInclude>
    <ClInclude Include="Math\Optimization\NelderMeadOptimizer.h">
      <Filter>Header Files\Math\Optimization</Filter>
    </ClInclude>
  </ItemGroup>
  <ItemGroup>
    <ClCompile Include="Math\Matrix.cpp">
      <Filter>Source Files\Math</Filter>
    </ClCompile>
    <ClCompile Include="Math\Vector.cpp">
      <Filter>Source Files\Math</Filter>
    </ClCompile>
    <ClCompile Include="Math\ActivationFunction.cpp">
      <Filter>Source Files\Math</Filter>
    </ClCompile>
    <ClCompile Include="NeuralNet\NLayer.cpp">
      <Filter>Source Files\NeuralNet</Filter>
    </ClCompile>
    <ClCompile Include="Image8Bit.cpp">
      <Filter>Source Files</Filter>
    </ClCompile>
    <ClCompile Include="MnistDataUtils.cpp">
      <Filter>Source Files</Filter>
    </ClCompile>
    <ClCompile Include="ThirdParty\BitmapUtils.cpp">
      <Filter>Source Files\ThirdParty</Filter>
    </ClCompile>
    <ClCompile Include="NeuralNet\CummulativeGradient.cpp">
      <Filter>Source Files\NeuralNet</Filter>
    </ClCompile>
    <ClCompile Include="Math\DiffFunc.cpp">
      <Filter>Source Files\Math</Filter>
    </ClCompile>
    <ClCompile Include="Math\CostFunction.cpp">
      <Filter>Source Files\Math</Filter>
    </ClCompile>
    <ClCompile Include="NeuralNet\Net.cpp">
      <Filter>Source Files\NeuralNet</Filter>
    </ClCompile>
    <ClCompile Include="Math\AvxAcceleration.cpp">
      <Filter>Source Files\Math</Filter>
    </ClCompile>
    <ClCompile Include="Utilities.cpp">
      <Filter>Source Files</Filter>
    </ClCompile>
    <ClCompile Include="ImageProcessing\ImageUtils.cpp">
      <Filter>Source Files\ImageProcessing</Filter>
    </ClCompile>
    <ClCompile Include="Math\Tensor.cpp">
      <Filter>Source Files\Math</Filter>
    </ClCompile>
    <ClCompile Include="Math\BasicCollection.cpp">
      <Filter>Source Files\Math</Filter>
    </ClCompile>
    <ClCompile Include="Math\PoolOperator.cpp">
      <Filter>Source Files\Math</Filter>
    </ClCompile>
    <ClCompile Include="NeuralNet\LayerHandle.cpp">
      <Filter>Source Files\NeuralNet</Filter>
    </ClCompile>
    <ClCompile Include="NeuralNet\CLayer.cpp">
      <Filter>Source Files\NeuralNet</Filter>
    </ClCompile>
    <ClCompile Include="NeuralNet\PLayer.cpp">
      <Filter>Source Files\NeuralNet</Filter>
    </ClCompile>
    <ClCompile Include="Diagnostics\Logging.cpp">
      <Filter>Source Files\Diagnostics</Filter>
    </ClCompile>
    <ClCompile Include="NeuralNet\LayerTypeId.cpp">
      <Filter>Source Files\NeuralNet</Filter>
    </ClCompile>
    <ClCompile Include="Math\CudaSetup.cpp">
      <Filter>Source Files\Math\CUDA</Filter>
    </ClCompile>
    <ClCompile Include="Math\ConvolutionUtils.cpp">
      <Filter>Source Files\Math</Filter>
    </ClCompile>
    <ClCompile Include="ThreadPool.cpp">
      <Filter>Source Files</Filter>
    </ClCompile>
    <ClCompile Include="NeuralNet\ALayer.cpp">
      <Filter>Source Files\NeuralNet</Filter>
    </ClCompile>
    <ClCompile Include="NeuralNet\LayerGradient.cpp">
      <Filter>Source Files\NeuralNet</Filter>
    </ClCompile>
    <ClCompile Include="StopWatch.cpp">
      <Filter>Source Files</Filter>
    </ClCompile>
    <ClCompile Include="Math\LinAlg2d.cpp">
      <Filter>Source Files\Math</Filter>
    </ClCompile>
    <ClCompile Include="Math\LinAlg3d.cpp">
      <Filter>Source Files\Math</Filter>
    </ClCompile>
  </ItemGroup>
  <ItemGroup>
    <None Include="packages.config" />
  </ItemGroup>
  <ItemGroup>
    <CudaCompile Include="Math\BasicCudaCollection.cu">
      <Filter>Source Files\Math\CUDA</Filter>
    </CudaCompile>
    <CudaCompile Include="Math\CudaVector.cu">
      <Filter>Source Files\Math\CUDA</Filter>
    </CudaCompile>
    <CudaCompile Include="Math\CudaUtils.cu">
      <Filter>Source Files\Math\CUDA</Filter>
    </CudaCompile>
    <CudaCompile Include="Math\CudaMatrix.cu">
      <Filter>Source Files\Math\CUDA</Filter>
    </CudaCompile>
    <CudaCompile Include="Math\CudaTensor.cu">
      <Filter>Source Files\Math\CUDA</Filter>
    </CudaCompile>
    <CudaCompile Include="Math\ActivationFunction.cu">
      <Filter>Source Files\Math\CUDA</Filter>
    </CudaCompile>
    <CudaCompile Include="Math\CostFunction.cu">
      <Filter>Source Files\Math\CUDA</Filter>
    </CudaCompile>
  </ItemGroup>
</Project>