<?xml version="1.0" encoding="utf-8"?>
<Project ToolsVersion="4.0" xmlns="http://schemas.microsoft.com/developer/msbuild/2003">
  <ItemGroup>
    <Filter Include="Source Files">
      <UniqueIdentifier>{4FC737F1-C7A5-4376-A066-2A32D752A2FF}</UniqueIdentifier>
      <Extensions>cpp;c;cc;cxx;c++;cppm;ixx;def;odl;idl;hpj;bat;asm;asmx</Extensions>
    </Filter>
    <Filter Include="Header Files">
      <UniqueIdentifier>{93995380-89BD-4b04-88EB-625FBE52EBFB}</UniqueIdentifier>
      <Extensions>h;hh;hpp;hxx;h++;hm;inl;inc;ipp;xsd</Extensions>
    </Filter>
    <Filter Include="Resource Files">
      <UniqueIdentifier>{67DA6AB6-F800-4c08-8B7A-83BB121AAD01}</UniqueIdentifier>
      <Extensions>rc;ico;cur;bmp;dlg;rc2;rct;bin;rgs;gif;jpg;jpeg;jpe;resx;tiff;tif;png;wav;mfcribbon-ms</Extensions>
    </Filter>
    <Filter Include="Header Files\Math">
      <UniqueIdentifier>{f2766782-a2b2-497c-a6e8-bf19a3ebadb7}</UniqueIdentifier>
    </Filter>
    <Filter Include="Source Files\Math">
      <UniqueIdentifier>{edb7ef2c-b7e5-435a-9b8c-f828b7e74159}</UniqueIdentifier>
    </Filter>
    <Filter Include="Header Files\NeuralNet">
      <UniqueIdentifier>{39d512d7-fe0c-47b3-8d50-fe176fad9ac7}</UniqueIdentifier>
    </Filter>
    <Filter Include="Source Files\NeuralNet">
      <UniqueIdentifier>{455ac75e-b2f8-4ac3-a527-4038251b2ea7}</UniqueIdentifier>
    </Filter>
    <Filter Include="Header Files\ThirdParty">
      <UniqueIdentifier>{fc7ef70a-727f-442c-9d42-eb237b8ab668}</UniqueIdentifier>
    </Filter>
    <Filter Include="Source Files\ThirdParty">
      <UniqueIdentifier>{66d3026a-ead0-4b90-ad27-cb34fd978959}</UniqueIdentifier>
    </Filter>
  </ItemGroup>
  <ItemGroup>
    <ClInclude Include="defs.h">
      <Filter>Header Files</Filter>
    </ClInclude>
    <ClInclude Include="Math\DenseMatrix.h">
      <Filter>Header Files\Math</Filter>
    </ClInclude>
    <ClInclude Include="Math\DenseVector.h">
      <Filter>Header Files\Math</Filter>
    </ClInclude>
    <ClInclude Include="Utilities.h">
      <Filter>Header Files</Filter>
    </ClInclude>
    <ClInclude Include="MsgPackUtils.h">
      <Filter>Header Files</Filter>
    </ClInclude>
    <ClInclude Include="Math\Dual.h">
      <Filter>Header Files\Math</Filter>
    </ClInclude>
    <ClInclude Include="Math\ActivationFunction.h">
      <Filter>Header Files\Math</Filter>
    </ClInclude>
    <ClInclude Include="NeuralNet\NeuralLayer.h">
      <Filter>Header Files\NeuralNet</Filter>
    </ClInclude>
    <ClInclude Include="MnistDataUtils.h">
      <Filter>Header Files</Filter>
    </ClInclude>
    <ClInclude Include="Image8Bit.h">
      <Filter>Header Files</Filter>
    </ClInclude>
    <ClInclude Include="ThirdParty\BitmapUtils.h">
      <Filter>Header Files\ThirdParty</Filter>
    </ClInclude>
    <ClInclude Include="NeuralNet\CummulativeGradient.h">
      <Filter>Header Files\NeuralNet</Filter>
    </ClInclude>
    <ClInclude Include="Math\DiffFunc.h">
      <Filter>Header Files\Math</Filter>
    </ClInclude>
    <ClInclude Include="Math\CostFunction.h">
      <Filter>Header Files\Math</Filter>
    </ClInclude>
    <ClInclude Include="NeuralNet\Net.h">
      <Filter>Header Files\NeuralNet</Filter>
    </ClInclude>
    <ClInclude Include="IndexIterator.h">
      <Filter>Header Files</Filter>
    </ClInclude>
  </ItemGroup>
  <ItemGroup>
    <ClCompile Include="Math\DenseMatrix.cpp">
      <Filter>Source Files\Math</Filter>
    </ClCompile>
    <ClCompile Include="Math\DenseVector.cpp">
      <Filter>Source Files\Math</Filter>
    </ClCompile>
    <ClCompile Include="Math\ActivationFunction.cpp">
      <Filter>Source Files\Math</Filter>
    </ClCompile>
    <ClCompile Include="NeuralNet\NeuralLayer.cpp">
      <Filter>Source Files\NeuralNet</Filter>
    </ClCompile>
    <ClCompile Include="Image8Bit.cpp">
      <Filter>Source Files</Filter>
    </ClCompile>
    <ClCompile Include="MnistDataUtils.cpp">
      <Filter>Source Files</Filter>
    </ClCompile>
    <ClCompile Include="ThirdParty\BitmapUtils.cpp">
      <Filter>Source Files\ThirdParty</Filter>
    </ClCompile>
    <ClCompile Include="NeuralNet\CummulativeGradient.cpp">
      <Filter>Source Files\NeuralNet</Filter>
    </ClCompile>
    <ClCompile Include="Math\DiffFunc.cpp">
      <Filter>Source Files\Math</Filter>
    </ClCompile>
    <ClCompile Include="Math\CostFunction.cpp">
      <Filter>Source Files\Math</Filter>
    </ClCompile>
    <ClCompile Include="NeuralNet\Net.cpp">
      <Filter>Source Files\NeuralNet</Filter>
    </ClCompile>
  </ItemGroup>
  <ItemGroup>
    <None Include="packages.config" />
  </ItemGroup>
</Project>