<?xml version="1.0" encoding="utf-8"?>
<Project ToolsVersion="4.0" xmlns="http://schemas.microsoft.com/developer/msbuild/2003">
  <ItemGroup>
    <Filter Include="Source Files">
      <UniqueIdentifier>{4FC737F1-C7A5-4376-A066-2A32D752A2FF}</UniqueIdentifier>
      <Extensions>cpp;c;cc;cxx;c++;cppm;ixx;def;odl;idl;hpj;bat;asm;asmx</Extensions>
    </Filter>
    <Filter Include="Header Files">
      <UniqueIdentifier>{93995380-89BD-4b04-88EB-625FBE52EBFB}</UniqueIdentifier>
      <Extensions>h;hh;hpp;hxx;h++;hm;inl;inc;ipp;xsd</Extensions>
    </Filter>
    <Filter Include="Resource Files">
      <UniqueIdentifier>{67DA6AB6-F800-4c08-8B7A-83BB121AAD01}</UniqueIdentifier>
      <Extensions>rc;ico;cur;bmp;dlg;rc2;rct;bin;rgs;gif;jpg;jpeg;jpe;resx;tiff;tif;png;wav;mfcribbon-ms</Extensions>
    </Filter>
    <Filter Include="TestData">
      <UniqueIdentifier>{1e568de2-f574-4791-a626-346bb0da6ef8}</UniqueIdentifier>
    </Filter>
    <Filter Include="TestData\MNIST">
      <UniqueIdentifier>{b98d451f-f41c-46b8-9f0b-5067b0db0419}</UniqueIdentifier>
    </Filter>
    <Filter Include="TestData\Regression">
      <UniqueIdentifier>{70c643bd-c4e2-412e-8b6b-2739b0f2b18e}</UniqueIdentifier>
    </Filter>
  </ItemGroup>
  <ItemGroup>
    <ClCompile Include="MatrixVectorAlgebraTest.cpp">
      <Filter>Source Files</Filter>
    </ClCompile>
    <ClCompile Include="ActivationFuncTest.cpp">
      <Filter>Source Files</Filter>
    </ClCompile>
    <ClCompile Include="MnistDataUtilsTest.cpp">
      <Filter>Source Files</Filter>
    </ClCompile>
    <ClCompile Include="NetLayersTest.cpp">
      <Filter>Source Files</Filter>
    </ClCompile>
    <ClCompile Include="CostFunctionTest.cpp">
      <Filter>Source Files</Filter>
    </ClCompile>
    <ClCompile Include="NetTest.cpp">
      <Filter>Source Files</Filter>
    </ClCompile>
    <ClCompile Include="LinAlg2dTest.cpp">
      <Filter>Source Files</Filter>
    </ClCompile>
    <ClCompile Include="ImageProcessingTest.cpp">
      <Filter>Source Files</Filter>
    </ClCompile>
    <ClCompile Include="AutomaticDifferentiationTest.cpp">
      <Filter>Source Files</Filter>
    </ClCompile>
    <ClCompile Include="TensorTest.cpp">
      <Filter>Source Files</Filter>
    </ClCompile>
    <ClCompile Include="LinAlg3dTest.cpp">
      <Filter>Source Files</Filter>
    </ClCompile>
    <ClCompile Include="UtilsTest.cpp">
      <Filter>Source Files</Filter>
    </ClCompile>
    <ClCompile Include="CudaVectorTest.cpp">
      <Filter>Source Files</Filter>
    </ClCompile>
    <ClCompile Include="CudaMatrixTest.cpp">
      <Filter>Source Files</Filter>
    </ClCompile>
    <ClCompile Include="CudaTensorTest.cpp">
      <Filter>Source Files</Filter>
    </ClCompile>
    <ClCompile Include="LayerGradientTest.cpp">
      <Filter>Source Files</Filter>
    </ClCompile>
    <ClCompile Include="VectorNdTest.cpp">
      <Filter>Source Files</Filter>
    </ClCompile>
    <ClCompile Include="NelderMeadOptimizationTest.cpp">
      <Filter>Source Files</Filter>
    </ClCompile>
    <ClCompile Include="RandomGeneratorTest.cpp">
      <Filter>Source Files</Filter>
    </ClCompile>
    <ClCompile Include="RMLayerTest.cpp">
      <Filter>Source Files</Filter>
    </ClCompile>
  </ItemGroup>
  <ItemGroup>
    <None Include="packages.config" />
    <None Include="..\Shared\TestData\MNIST\t10k-images.idx3-ubyte">
      <Filter>TestData\MNIST</Filter>
    </None>
    <None Include="..\Shared\TestData\MNIST\t10k-labels.idx1-ubyte">
      <Filter>TestData\MNIST</Filter>
    </None>
    <None Include="..\Shared\TestData\MNIST\train-images.idx3-ubyte">
      <Filter>TestData\MNIST</Filter>
    </None>
    <None Include="..\Shared\TestData\MNIST\train-labels.idx1-ubyte">
      <Filter>TestData\MNIST</Filter>
    </None>
    <None Include="TestData\Regression\reference_net.dat">
      <Filter>TestData\Regression</Filter>
    </None>
    <None Include="TestData\Regression\reference_net_single.dat">
      <Filter>TestData\Regression</Filter>
    </None>
  </ItemGroup>
  <ItemGroup>
    <ClInclude Include="StandardTestUtils.h">
      <Filter>Header Files</Filter>
    </ClInclude>
  </ItemGroup>
</Project>